
Microsoft Visual Studio Solution File, Format Version 12.00
# Visual Studio Version 17
VisualStudioVersion = 17.3.32901.215
MinimumVisualStudioVersion = 10.0.40219.1
Project("{FAE04EC0-301F-11D3-BF4B-00C04F79EFBC}") = "first laba", "first laba.csproj", "{253A89B3-7D70-467B-A4D2-DCD3D5832A18}"
EndProject
Global
	GlobalSection(SolutionConfigurationPlatforms) = preSolution
		Debug|Any CPU = Debug|Any CPU
		Release|Any CPU = Release|Any CPU
	EndGlobalSection
	GlobalSection(ProjectConfigurationPlatforms) = postSolution
		{253A89B3-7D70-467B-A4D2-DCD3D5832A18}.Debug|Any CPU.ActiveCfg = Debug|Any CPU
		{253A89B3-7D70-467B-A4D2-DCD3D5832A18}.Debug|Any CPU.Build.0 = Debug|Any CPU
		{253A89B3-7D70-467B-A4D2-DCD3D5832A18}.Release|Any CPU.ActiveCfg = Release|Any CPU
		{253A89B3-7D70-467B-A4D2-DCD3D5832A18}.Release|Any CPU.Build.0 = Release|Any CPU
	EndGlobalSection
	GlobalSection(SolutionProperties) = preSolution
		HideSolutionNode = FALSE
	EndGlobalSection
	GlobalSection(ExtensibilityGlobals) = postSolution
		SolutionGuid = {7EEB7B99-CFA5-4922-9F9D-F95C94F51DF0}
	EndGlobalSection
EndGlobal
